
Microsoft Visual Studio Solution File, Format Version 12.00
# Visual Studio Version 17
VisualStudioVersion = 17.4.33110.190
MinimumVisualStudioVersion = 10.0.40219.1
Project("{FAE04EC0-301F-11D3-BF4B-00C04F79EFBC}") = "ApiControlUsers", "ApiControlUsers\ApiControlUsers.csproj", "{D292B370-B52F-48C6-B328-A446FC14D43A}"
EndProject
Global
	GlobalSection(SolutionConfigurationPlatforms) = preSolution
		Debug|Any CPU = Debug|Any CPU
		Release|Any CPU = Release|Any CPU
	EndGlobalSection
	GlobalSection(ProjectConfigurationPlatforms) = postSolution
		{D292B370-B52F-48C6-B328-A446FC14D43A}.Debug|Any CPU.ActiveCfg = Debug|Any CPU
		{D292B370-B52F-48C6-B328-A446FC14D43A}.Debug|Any CPU.Build.0 = Debug|Any CPU
		{D292B370-B52F-48C6-B328-A446FC14D43A}.Release|Any CPU.ActiveCfg = Release|Any CPU
		{D292B370-B52F-48C6-B328-A446FC14D43A}.Release|Any CPU.Build.0 = Release|Any CPU
	EndGlobalSection
	GlobalSection(SolutionProperties) = preSolution
		HideSolutionNode = FALSE
	EndGlobalSection
	GlobalSection(ExtensibilityGlobals) = postSolution
		SolutionGuid = {B79CC7F5-1C4A-4116-B688-2C1E5F4C7BC5}
	EndGlobalSection
EndGlobal
